
Microsoft Visual Studio Solution File, Format Version 12.00
# Visual Studio 15
VisualStudioVersion = 15.0.28307.572
MinimumVisualStudioVersion = 10.0.40219.1
Project("{FAE04EC0-301F-11D3-BF4B-00C04F79EFBC}") = "Proyecto Persona", "Proyecto Persona\Proyecto Persona.csproj", "{15566FD4-5AE2-4F7C-BDC4-613E13BA1AFF}"
EndProject
Project("{FAE04EC0-301F-11D3-BF4B-00C04F79EFBC}") = "Entidades", "Entidades\Entidades.csproj", "{FDB41372-87D6-414C-8FEF-C5BE2CEFC669}"
EndProject
Project("{FAE04EC0-301F-11D3-BF4B-00C04F79EFBC}") = "Servicios", "Servicios\Servicios.csproj", "{4D61EC60-388A-4181-8A93-9C87EB6D5563}"
EndProject
Global
	GlobalSection(SolutionConfigurationPlatforms) = preSolution
		Debug|Any CPU = Debug|Any CPU
		Release|Any CPU = Release|Any CPU
	EndGlobalSection
	GlobalSection(ProjectConfigurationPlatforms) = postSolution
		{15566FD4-5AE2-4F7C-BDC4-613E13BA1AFF}.Debug|Any CPU.ActiveCfg = Debug|Any CPU
		{15566FD4-5AE2-4F7C-BDC4-613E13BA1AFF}.Debug|Any CPU.Build.0 = Debug|Any CPU
		{15566FD4-5AE2-4F7C-BDC4-613E13BA1AFF}.Release|Any CPU.ActiveCfg = Release|Any CPU
		{15566FD4-5AE2-4F7C-BDC4-613E13BA1AFF}.Release|Any CPU.Build.0 = Release|Any CPU
		{FDB41372-87D6-414C-8FEF-C5BE2CEFC669}.Debug|Any CPU.ActiveCfg = Debug|Any CPU
		{FDB41372-87D6-414C-8FEF-C5BE2CEFC669}.Debug|Any CPU.Build.0 = Debug|Any CPU
		{FDB41372-87D6-414C-8FEF-C5BE2CEFC669}.Release|Any CPU.ActiveCfg = Release|Any CPU
		{FDB41372-87D6-414C-8FEF-C5BE2CEFC669}.Release|Any CPU.Build.0 = Release|Any CPU
		{4D61EC60-388A-4181-8A93-9C87EB6D5563}.Debug|Any CPU.ActiveCfg = Debug|Any CPU
		{4D61EC60-388A-4181-8A93-9C87EB6D5563}.Debug|Any CPU.Build.0 = Debug|Any CPU
		{4D61EC60-388A-4181-8A93-9C87EB6D5563}.Release|Any CPU.ActiveCfg = Release|Any CPU
		{4D61EC60-388A-4181-8A93-9C87EB6D5563}.Release|Any CPU.Build.0 = Release|Any CPU
	EndGlobalSection
	GlobalSection(SolutionProperties) = preSolution
		HideSolutionNode = FALSE
	EndGlobalSection
	GlobalSection(ExtensibilityGlobals) = postSolution
		SolutionGuid = {5AC6CD82-8971-4C52-8D3F-34B1F641CCB5}
	EndGlobalSection
EndGlobal
